
Microsoft Visual Studio Solution File, Format Version 12.00
# Visual Studio 15
VisualStudioVersion = 15.0.27130.2027
MinimumVisualStudioVersion = 10.0.40219.1
Project("{FAE04EC0-301F-11D3-BF4B-00C04F79EFBC}") = "Phoneword.Android", "Phoneword\Phoneword.Android\Phoneword.Android.csproj", "{330C1287-6BE7-47FE-914D-468CE6CEFDC9}"
EndProject
Project("{FAE04EC0-301F-11D3-BF4B-00C04F79EFBC}") = "Phoneword.iOS", "Phoneword\Phoneword.iOS\Phoneword.iOS.csproj", "{4BA68A47-7DF7-4C49-BD84-3C970F9BDD9F}"
EndProject
Project("{FAE04EC0-301F-11D3-BF4B-00C04F79EFBC}") = "Phoneword.UWP", "Phoneword\Phoneword.UWP\Phoneword.UWP.csproj", "{0F858D4F-C0A2-4B92-919B-6482E2CCCA7A}"
EndProject
Project("{FAE04EC0-301F-11D3-BF4B-00C04F79EFBC}") = "Phoneword", "Phoneword\Phoneword\Phoneword.csproj", "{03CB13F8-704E-457E-B822-1D2515066A91}"
EndProject
Global
	GlobalSection(SolutionConfigurationPlatforms) = preSolution
		Ad-Hoc|Any CPU = Ad-Hoc|Any CPU
		Ad-Hoc|ARM = Ad-Hoc|ARM
		Ad-Hoc|iPhone = Ad-Hoc|iPhone
		Ad-Hoc|iPhoneSimulator = Ad-Hoc|iPhoneSimulator
		Ad-Hoc|x64 = Ad-Hoc|x64
		Ad-Hoc|x86 = Ad-Hoc|x86
		AppStore|Any CPU = AppStore|Any CPU
		AppStore|ARM = AppStore|ARM
		AppStore|iPhone = AppStore|iPhone
		AppStore|iPhoneSimulator = AppStore|iPhoneSimulator
		AppStore|x64 = AppStore|x64
		AppStore|x86 = AppStore|x86
		Debug|Any CPU = Debug|Any CPU
		Debug|ARM = Debug|ARM
		Debug|iPhone = Debug|iPhone
		Debug|iPhoneSimulator = Debug|iPhoneSimulator
		Debug|x64 = Debug|x64
		Debug|x86 = Debug|x86
		Release|Any CPU = Release|Any CPU
		Release|ARM = Release|ARM
		Release|iPhone = Release|iPhone
		Release|iPhoneSimulator = Release|iPhoneSimulator
		Release|x64 = Release|x64
		Release|x86 = Release|x86
	EndGlobalSection
	GlobalSection(ProjectConfigurationPlatforms) = postSolution
		{330C1287-6BE7-47FE-914D-468CE6CEFDC9}.Ad-Hoc|Any CPU.ActiveCfg = Release|Any CPU
		{330C1287-6BE7-47FE-914D-468CE6CEFDC9}.Ad-Hoc|Any CPU.Build.0 = Release|Any CPU
		{330C1287-6BE7-47FE-914D-468CE6CEFDC9}.Ad-Hoc|Any CPU.Deploy.0 = Release|Any CPU
		{330C1287-6BE7-47FE-914D-468CE6CEFDC9}.Ad-Hoc|ARM.ActiveCfg = Release|Any CPU
		{330C1287-6BE7-47FE-914D-468CE6CEFDC9}.Ad-Hoc|ARM.Build.0 = Release|Any CPU
		{330C1287-6BE7-47FE-914D-468CE6CEFDC9}.Ad-Hoc|ARM.Deploy.0 = Release|Any CPU
		{330C1287-6BE7-47FE-914D-468CE6CEFDC9}.Ad-Hoc|iPhone.ActiveCfg = Release|Any CPU
		{330C1287-6BE7-47FE-914D-468CE6CEFDC9}.Ad-Hoc|iPhone.Build.0 = Release|Any CPU
		{330C1287-6BE7-47FE-914D-468CE6CEFDC9}.Ad-Hoc|iPhone.Deploy.0 = Release|Any CPU
		{330C1287-6BE7-47FE-914D-468CE6CEFDC9}.Ad-Hoc|iPhoneSimulator.ActiveCfg = Release|Any CPU
		{330C1287-6BE7-47FE-914D-468CE6CEFDC9}.Ad-Hoc|iPhoneSimulator.Build.0 = Release|Any CPU
		{330C1287-6BE7-47FE-914D-468CE6CEFDC9}.Ad-Hoc|iPhoneSimulator.Deploy.0 = Release|Any CPU
		{330C1287-6BE7-47FE-914D-468CE6CEFDC9}.Ad-Hoc|x64.ActiveCfg = Release|Any CPU
		{330C1287-6BE7-47FE-914D-468CE6CEFDC9}.Ad-Hoc|x64.Build.0 = Release|Any CPU
		{330C1287-6BE7-47FE-914D-468CE6CEFDC9}.Ad-Hoc|x64.Deploy.0 = Release|Any CPU
		{330C1287-6BE7-47FE-914D-468CE6CEFDC9}.Ad-Hoc|x86.ActiveCfg = Release|Any CPU
		{330C1287-6BE7-47FE-914D-468CE6CEFDC9}.Ad-Hoc|x86.Build.0 = Release|Any CPU
		{330C1287-6BE7-47FE-914D-468CE6CEFDC9}.Ad-Hoc|x86.Deploy.0 = Release|Any CPU
		{330C1287-6BE7-47FE-914D-468CE6CEFDC9}.AppStore|Any CPU.ActiveCfg = Release|Any CPU
		{330C1287-6BE7-47FE-914D-468CE6CEFDC9}.AppStore|Any CPU.Build.0 = Release|Any CPU
		{330C1287-6BE7-47FE-914D-468CE6CEFDC9}.AppStore|Any CPU.Deploy.0 = Release|Any CPU
		{330C1287-6BE7-47FE-914D-468CE6CEFDC9}.AppStore|ARM.ActiveCfg = Release|Any CPU
		{330C1287-6BE7-47FE-914D-468CE6CEFDC9}.AppStore|ARM.Build.0 = Release|Any CPU
		{330C1287-6BE7-47FE-914D-468CE6CEFDC9}.AppStore|ARM.Deploy.0 = Release|Any CPU
		{330C1287-6BE7-47FE-914D-468CE6CEFDC9}.AppStore|iPhone.ActiveCfg = Release|Any CPU
		{330C1287-6BE7-47FE-914D-468CE6CEFDC9}.AppStore|iPhone.Build.0 = Release|Any CPU
		{330C1287-6BE7-47FE-914D-468CE6CEFDC9}.AppStore|iPhone.Deploy.0 = Release|Any CPU
		{330C1287-6BE7-47FE-914D-468CE6CEFDC9}.AppStore|iPhoneSimulator.ActiveCfg = Release|Any CPU
		{330C1287-6BE7-47FE-914D-468CE6CEFDC9}.AppStore|iPhoneSimulator.Build.0 = Release|Any CPU
		{330C1287-6BE7-47FE-914D-468CE6CEFDC9}.AppStore|iPhoneSimulator.Deploy.0 = Release|Any CPU
		{330C1287-6BE7-47FE-914D-468CE6CEFDC9}.AppStore|x64.ActiveCfg = Release|Any CPU
		{330C1287-6BE7-47FE-914D-468CE6CEFDC9}.AppStore|x64.Build.0 = Release|Any CPU
		{330C1287-6BE7-47FE-914D-468CE6CEFDC9}.AppStore|x64.Deploy.0 = Release|Any CPU
		{330C1287-6BE7-47FE-914D-468CE6CEFDC9}.AppStore|x86.ActiveCfg = Release|Any CPU
		{330C1287-6BE7-47FE-914D-468CE6CEFDC9}.AppStore|x86.Build.0 = Release|Any CPU
		{330C1287-6BE7-47FE-914D-468CE6CEFDC9}.AppStore|x86.Deploy.0 = Release|Any CPU
		{330C1287-6BE7-47FE-914D-468CE6CEFDC9}.Debug|Any CPU.ActiveCfg = Debug|Any CPU
		{330C1287-6BE7-47FE-914D-468CE6CEFDC9}.Debug|Any CPU.Build.0 = Debug|Any CPU
		{330C1287-6BE7-47FE-914D-468CE6CEFDC9}.Debug|Any CPU.Deploy.0 = Debug|Any CPU
		{330C1287-6BE7-47FE-914D-468CE6CEFDC9}.Debug|ARM.ActiveCfg = Debug|Any CPU
		{330C1287-6BE7-47FE-914D-468CE6CEFDC9}.Debug|ARM.Build.0 = Debug|Any CPU
		{330C1287-6BE7-47FE-914D-468CE6CEFDC9}.Debug|ARM.Deploy.0 = Debug|Any CPU
		{330C1287-6BE7-47FE-914D-468CE6CEFDC9}.Debug|iPhone.ActiveCfg = Debug|Any CPU
		{330C1287-6BE7-47FE-914D-468CE6CEFDC9}.Debug|iPhone.Build.0 = Debug|Any CPU
		{330C1287-6BE7-47FE-914D-468CE6CEFDC9}.Debug|iPhone.Deploy.0 = Debug|Any CPU
		{330C1287-6BE7-47FE-914D-468CE6CEFDC9}.Debug|iPhoneSimulator.ActiveCfg = Debug|Any CPU
		{330C1287-6BE7-47FE-914D-468CE6CEFDC9}.Debug|iPhoneSimulator.Build.0 = Debug|Any CPU
		{330C1287-6BE7-47FE-914D-468CE6CEFDC9}.Debug|iPhoneSimulator.Deploy.0 = Debug|Any CPU
		{330C1287-6BE7-47FE-914D-468CE6CEFDC9}.Debug|x64.ActiveCfg = Debug|Any CPU
		{330C1287-6BE7-47FE-914D-468CE6CEFDC9}.Debug|x64.Build.0 = Debug|Any CPU
		{330C1287-6BE7-47FE-914D-468CE6CEFDC9}.Debug|x64.Deploy.0 = Debug|Any CPU
		{330C1287-6BE7-47FE-914D-468CE6CEFDC9}.Debug|x86.ActiveCfg = Debug|Any CPU
		{330C1287-6BE7-47FE-914D-468CE6CEFDC9}.Debug|x86.Build.0 = Debug|Any CPU
		{330C1287-6BE7-47FE-914D-468CE6CEFDC9}.Debug|x86.Deploy.0 = Debug|Any CPU
		{330C1287-6BE7-47FE-914D-468CE6CEFDC9}.Release|Any CPU.ActiveCfg = Release|Any CPU
		{330C1287-6BE7-47FE-914D-468CE6CEFDC9}.Release|Any CPU.Build.0 = Release|Any CPU
		{330C1287-6BE7-47FE-914D-468CE6CEFDC9}.Release|Any CPU.Deploy.0 = Release|Any CPU
		{330C1287-6BE7-47FE-914D-468CE6CEFDC9}.Release|ARM.ActiveCfg = Release|Any CPU
		{330C1287-6BE7-47FE-914D-468CE6CEFDC9}.Release|ARM.Build.0 = Release|Any CPU
		{330C1287-6BE7-47FE-914D-468CE6CEFDC9}.Release|ARM.Deploy.0 = Release|Any CPU
		{330C1287-6BE7-47FE-914D-468CE6CEFDC9}.Release|iPhone.ActiveCfg = Release|Any CPU
		{330C1287-6BE7-47FE-914D-468CE6CEFDC9}.Release|iPhone.Build.0 = Release|Any CPU
		{330C1287-6BE7-47FE-914D-468CE6CEFDC9}.Release|iPhone.Deploy.0 = Release|Any CPU
		{330C1287-6BE7-47FE-914D-468CE6CEFDC9}.Release|iPhoneSimulator.ActiveCfg = Release|Any CPU
		{330C1287-6BE7-47FE-914D-468CE6CEFDC9}.Release|iPhoneSimulator.Build.0 = Release|Any CPU
		{330C1287-6BE7-47FE-914D-468CE6CEFDC9}.Release|iPhoneSimulator.Deploy.0 = Release|Any CPU
		{330C1287-6BE7-47FE-914D-468CE6CEFDC9}.Release|x64.ActiveCfg = Release|Any CPU
		{330C1287-6BE7-47FE-914D-468CE6CEFDC9}.Release|x64.Build.0 = Release|Any CPU
		{330C1287-6BE7-47FE-914D-468CE6CEFDC9}.Release|x64.Deploy.0 = Release|Any CPU
		{330C1287-6BE7-47FE-914D-468CE6CEFDC9}.Release|x86.ActiveCfg = Release|Any CPU
		{330C1287-6BE7-47FE-914D-468CE6CEFDC9}.Release|x86.Build.0 = Release|Any CPU
		{330C1287-6BE7-47FE-914D-468CE6CEFDC9}.Release|x86.Deploy.0 = Release|Any CPU
		{4BA68A47-7DF7-4C49-BD84-3C970F9BDD9F}.Ad-Hoc|Any CPU.ActiveCfg = Ad-Hoc|iPhone
		{4BA68A47-7DF7-4C49-BD84-3C970F9BDD9F}.Ad-Hoc|ARM.ActiveCfg = Ad-Hoc|iPhone
		{4BA68A47-7DF7-4C49-BD84-3C970F9BDD9F}.Ad-Hoc|iPhone.ActiveCfg = Ad-Hoc|iPhone
		{4BA68A47-7DF7-4C49-BD84-3C970F9BDD9F}.Ad-Hoc|iPhone.Build.0 = Ad-Hoc|iPhone
		{4BA68A47-7DF7-4C49-BD84-3C970F9BDD9F}.Ad-Hoc|iPhoneSimulator.ActiveCfg = Ad-Hoc|iPhoneSimulator
		{4BA68A47-7DF7-4C49-BD84-3C970F9BDD9F}.Ad-Hoc|iPhoneSimulator.Build.0 = Ad-Hoc|iPhoneSimulator
		{4BA68A47-7DF7-4C49-BD84-3C970F9BDD9F}.Ad-Hoc|x64.ActiveCfg = Ad-Hoc|iPhone
		{4BA68A47-7DF7-4C49-BD84-3C970F9BDD9F}.Ad-Hoc|x86.ActiveCfg = Ad-Hoc|iPhone
		{4BA68A47-7DF7-4C49-BD84-3C970F9BDD9F}.AppStore|Any CPU.ActiveCfg = AppStore|iPhone
		{4BA68A47-7DF7-4C49-BD84-3C970F9BDD9F}.AppStore|ARM.ActiveCfg = AppStore|iPhone
		{4BA68A47-7DF7-4C49-BD84-3C970F9BDD9F}.AppStore|iPhone.ActiveCfg = AppStore|iPhone
		{4BA68A47-7DF7-4C49-BD84-3C970F9BDD9F}.AppStore|iPhone.Build.0 = AppStore|iPhone
		{4BA68A47-7DF7-4C49-BD84-3C970F9BDD9F}.AppStore|iPhoneSimulator.ActiveCfg = AppStore|iPhoneSimulator
		{4BA68A47-7DF7-4C49-BD84-3C970F9BDD9F}.AppStore|iPhoneSimulator.Build.0 = AppStore|iPhoneSimulator
		{4BA68A47-7DF7-4C49-BD84-3C970F9BDD9F}.AppStore|x64.ActiveCfg = AppStore|iPhone
		{4BA68A47-7DF7-4C49-BD84-3C970F9BDD9F}.AppStore|x86.ActiveCfg = AppStore|iPhone
		{4BA68A47-7DF7-4C49-BD84-3C970F9BDD9F}.Debug|Any CPU.ActiveCfg = Debug|iPhone
		{4BA68A47-7DF7-4C49-BD84-3C970F9BDD9F}.Debug|ARM.ActiveCfg = Debug|iPhone
		{4BA68A47-7DF7-4C49-BD84-3C970F9BDD9F}.Debug|iPhone.ActiveCfg = Debug|iPhone
		{4BA68A47-7DF7-4C49-BD84-3C970F9BDD9F}.Debug|iPhone.Build.0 = Debug|iPhone
		{4BA68A47-7DF7-4C49-BD84-3C970F9BDD9F}.Debug|iPhoneSimulator.ActiveCfg = Debug|iPhoneSimulator
		{4BA68A47-7DF7-4C49-BD84-3C970F9BDD9F}.Debug|iPhoneSimulator.Build.0 = Debug|iPhoneSimulator
		{4BA68A47-7DF7-4C49-BD84-3C970F9BDD9F}.Debug|x64.ActiveCfg = Debug|iPhone
		{4BA68A47-7DF7-4C49-BD84-3C970F9BDD9F}.Debug|x86.ActiveCfg = Debug|iPhone
		{4BA68A47-7DF7-4C49-BD84-3C970F9BDD9F}.Release|Any CPU.ActiveCfg = Release|iPhone
		{4BA68A47-7DF7-4C49-BD84-3C970F9BDD9F}.Release|ARM.ActiveCfg = Release|iPhone
		{4BA68A47-7DF7-4C49-BD84-3C970F9BDD9F}.Release|iPhone.ActiveCfg = Release|iPhone
		{4BA68A47-7DF7-4C49-BD84-3C970F9BDD9F}.Release|iPhone.Build.0 = Release|iPhone
		{4BA68A47-7DF7-4C49-BD84-3C970F9BDD9F}.Release|iPhoneSimulator.ActiveCfg = Release|iPhoneSimulator
		{4BA68A47-7DF7-4C49-BD84-3C970F9BDD9F}.Release|iPhoneSimulator.Build.0 = Release|iPhoneSimulator
		{4BA68A47-7DF7-4C49-BD84-3C970F9BDD9F}.Release|x64.ActiveCfg = Release|iPhone
		{4BA68A47-7DF7-4C49-BD84-3C970F9BDD9F}.Release|x86.ActiveCfg = Release|iPhone
		{0F858D4F-C0A2-4B92-919B-6482E2CCCA7A}.Ad-Hoc|Any CPU.ActiveCfg = Release|x86
		{0F858D4F-C0A2-4B92-919B-6482E2CCCA7A}.Ad-Hoc|Any CPU.Build.0 = Release|x86
		{0F858D4F-C0A2-4B92-919B-6482E2CCCA7A}.Ad-Hoc|Any CPU.Deploy.0 = Release|x86
		{0F858D4F-C0A2-4B92-919B-6482E2CCCA7A}.Ad-Hoc|ARM.ActiveCfg = Release|ARM
		{0F858D4F-C0A2-4B92-919B-6482E2CCCA7A}.Ad-Hoc|ARM.Build.0 = Release|ARM
		{0F858D4F-C0A2-4B92-919B-6482E2CCCA7A}.Ad-Hoc|ARM.Deploy.0 = Release|ARM
		{0F858D4F-C0A2-4B92-919B-6482E2CCCA7A}.Ad-Hoc|iPhone.ActiveCfg = Release|x86
		{0F858D4F-C0A2-4B92-919B-6482E2CCCA7A}.Ad-Hoc|iPhone.Build.0 = Release|x86
		{0F858D4F-C0A2-4B92-919B-6482E2CCCA7A}.Ad-Hoc|iPhone.Deploy.0 = Release|x86
		{0F858D4F-C0A2-4B92-919B-6482E2CCCA7A}.Ad-Hoc|iPhoneSimulator.ActiveCfg = Release|x86
		{0F858D4F-C0A2-4B92-919B-6482E2CCCA7A}.Ad-Hoc|iPhoneSimulator.Build.0 = Release|x86
		{0F858D4F-C0A2-4B92-919B-6482E2CCCA7A}.Ad-Hoc|iPhoneSimulator.Deploy.0 = Release|x86
		{0F858D4F-C0A2-4B92-919B-6482E2CCCA7A}.Ad-Hoc|x64.ActiveCfg = Release|x64
		{0F858D4F-C0A2-4B92-919B-6482E2CCCA7A}.Ad-Hoc|x64.Build.0 = Release|x64
		{0F858D4F-C0A2-4B92-919B-6482E2CCCA7A}.Ad-Hoc|x64.Deploy.0 = Release|x64
		{0F858D4F-C0A2-4B92-919B-6482E2CCCA7A}.Ad-Hoc|x86.ActiveCfg = Release|x86
		{0F858D4F-C0A2-4B92-919B-6482E2CCCA7A}.Ad-Hoc|x86.Build.0 = Release|x86
		{0F858D4F-C0A2-4B92-919B-6482E2CCCA7A}.Ad-Hoc|x86.Deploy.0 = Release|x86
		{0F858D4F-C0A2-4B92-919B-6482E2CCCA7A}.AppStore|Any CPU.ActiveCfg = Release|x86
		{0F858D4F-C0A2-4B92-919B-6482E2CCCA7A}.AppStore|Any CPU.Build.0 = Release|x86
		{0F858D4F-C0A2-4B92-919B-6482E2CCCA7A}.AppStore|Any CPU.Deploy.0 = Release|x86
		{0F858D4F-C0A2-4B92-919B-6482E2CCCA7A}.AppStore|ARM.ActiveCfg = Release|ARM
		{0F858D4F-C0A2-4B92-919B-6482E2CCCA7A}.AppStore|ARM.Build.0 = Release|ARM
		{0F858D4F-C0A2-4B92-919B-6482E2CCCA7A}.AppStore|ARM.Deploy.0 = Release|ARM
		{0F858D4F-C0A2-4B92-919B-6482E2CCCA7A}.AppStore|iPhone.ActiveCfg = Release|x86
		{0F858D4F-C0A2-4B92-919B-6482E2CCCA7A}.AppStore|iPhone.Build.0 = Release|x86
		{0F858D4F-C0A2-4B92-919B-6482E2CCCA7A}.AppStore|iPhone.Deploy.0 = Release|x86
		{0F858D4F-C0A2-4B92-919B-6482E2CCCA7A}.AppStore|iPhoneSimulator.ActiveCfg = Release|x86
		{0F858D4F-C0A2-4B92-919B-6482E2CCCA7A}.AppStore|iPhoneSimulator.Build.0 = Release|x86
		{0F858D4F-C0A2-4B92-919B-6482E2CCCA7A}.AppStore|iPhoneSimulator.Deploy.0 = Release|x86
		{0F858D4F-C0A2-4B92-919B-6482E2CCCA7A}.AppStore|x64.ActiveCfg = Release|x64
		{0F858D4F-C0A2-4B92-919B-6482E2CCCA7A}.AppStore|x64.Build.0 = Release|x64
		{0F858D4F-C0A2-4B92-919B-6482E2CCCA7A}.AppStore|x64.Deploy.0 = Release|x64
		{0F858D4F-C0A2-4B92-919B-6482E2CCCA7A}.AppStore|x86.ActiveCfg = Release|x86
		{0F858D4F-C0A2-4B92-919B-6482E2CCCA7A}.AppStore|x86.Build.0 = Release|x86
		{0F858D4F-C0A2-4B92-919B-6482E2CCCA7A}.AppStore|x86.Deploy.0 = Release|x86
		{0F858D4F-C0A2-4B92-919B-6482E2CCCA7A}.Debug|Any CPU.ActiveCfg = Debug|x86
		{0F858D4F-C0A2-4B92-919B-6482E2CCCA7A}.Debug|ARM.ActiveCfg = Debug|ARM
		{0F858D4F-C0A2-4B92-919B-6482E2CCCA7A}.Debug|ARM.Build.0 = Debug|ARM
		{0F858D4F-C0A2-4B92-919B-6482E2CCCA7A}.Debug|ARM.Deploy.0 = Debug|ARM
		{0F858D4F-C0A2-4B92-919B-6482E2CCCA7A}.Debug|iPhone.ActiveCfg = Debug|x86
		{0F858D4F-C0A2-4B92-919B-6482E2CCCA7A}.Debug|iPhoneSimulator.ActiveCfg = Debug|x86
		{0F858D4F-C0A2-4B92-919B-6482E2CCCA7A}.Debug|x64.ActiveCfg = Debug|x64
		{0F858D4F-C0A2-4B92-919B-6482E2CCCA7A}.Debug|x64.Build.0 = Debug|x64
		{0F858D4F-C0A2-4B92-919B-6482E2CCCA7A}.Debug|x64.Deploy.0 = Debug|x64
		{0F858D4F-C0A2-4B92-919B-6482E2CCCA7A}.Debug|x86.ActiveCfg = Debug|x86
		{0F858D4F-C0A2-4B92-919B-6482E2CCCA7A}.Debug|x86.Build.0 = Debug|x86
		{0F858D4F-C0A2-4B92-919B-6482E2CCCA7A}.Debug|x86.Deploy.0 = Debug|x86
		{0F858D4F-C0A2-4B92-919B-6482E2CCCA7A}.Release|Any CPU.ActiveCfg = Release|x86
		{0F858D4F-C0A2-4B92-919B-6482E2CCCA7A}.Release|ARM.ActiveCfg = Release|ARM
		{0F858D4F-C0A2-4B92-919B-6482E2CCCA7A}.Release|ARM.Build.0 = Release|ARM
		{0F858D4F-C0A2-4B92-919B-6482E2CCCA7A}.Release|ARM.Deploy.0 = Release|ARM
		{0F858D4F-C0A2-4B92-919B-6482E2CCCA7A}.Release|iPhone.ActiveCfg = Release|x86
		{0F858D4F-C0A2-4B92-919B-6482E2CCCA7A}.Release|iPhoneSimulator.ActiveCfg = Release|x86
		{0F858D4F-C0A2-4B92-919B-6482E2CCCA7A}.Release|x64.ActiveCfg = Release|x64
		{0F858D4F-C0A2-4B92-919B-6482E2CCCA7A}.Release|x64.Build.0 = Release|x64
		{0F858D4F-C0A2-4B92-919B-6482E2CCCA7A}.Release|x64.Deploy.0 = Release|x64
		{0F858D4F-C0A2-4B92-919B-6482E2CCCA7A}.Release|x86.ActiveCfg = Release|x86
		{0F858D4F-C0A2-4B92-919B-6482E2CCCA7A}.Release|x86.Build.0 = Release|x86
		{0F858D4F-C0A2-4B92-919B-6482E2CCCA7A}.Release|x86.Deploy.0 = Release|x86
		{03CB13F8-704E-457E-B822-1D2515066A91}.Ad-Hoc|Any CPU.ActiveCfg = Debug|Any CPU
		{03CB13F8-704E-457E-B822-1D2515066A91}.Ad-Hoc|Any CPU.Build.0 = Debug|Any CPU
		{03CB13F8-704E-457E-B822-1D2515066A91}.Ad-Hoc|ARM.ActiveCfg = Debug|Any CPU
		{03CB13F8-704E-457E-B822-1D2515066A91}.Ad-Hoc|ARM.Build.0 = Debug|Any CPU
		{03CB13F8-704E-457E-B822-1D2515066A91}.Ad-Hoc|iPhone.ActiveCfg = Debug|Any CPU
		{03CB13F8-704E-457E-B822-1D2515066A91}.Ad-Hoc|iPhone.Build.0 = Debug|Any CPU
		{03CB13F8-704E-457E-B822-1D2515066A91}.Ad-Hoc|iPhoneSimulator.ActiveCfg = Debug|Any CPU
		{03CB13F8-704E-457E-B822-1D2515066A91}.Ad-Hoc|iPhoneSimulator.Build.0 = Debug|Any CPU
		{03CB13F8-704E-457E-B822-1D2515066A91}.Ad-Hoc|x64.ActiveCfg = Debug|Any CPU
		{03CB13F8-704E-457E-B822-1D2515066A91}.Ad-Hoc|x64.Build.0 = Debug|Any CPU
		{03CB13F8-704E-457E-B822-1D2515066A91}.Ad-Hoc|x86.ActiveCfg = Debug|Any CPU
		{03CB13F8-704E-457E-B822-1D2515066A91}.Ad-Hoc|x86.Build.0 = Debug|Any CPU
		{03CB13F8-704E-457E-B822-1D2515066A91}.AppStore|Any CPU.ActiveCfg = Debug|Any CPU
		{03CB13F8-704E-457E-B822-1D2515066A91}.AppStore|Any CPU.Build.0 = Debug|Any CPU
		{03CB13F8-704E-457E-B822-1D2515066A91}.AppStore|ARM.ActiveCfg = Debug|Any CPU
		{03CB13F8-704E-457E-B822-1D2515066A91}.AppStore|ARM.Build.0 = Debug|Any CPU
		{03CB13F8-704E-457E-B822-1D2515066A91}.AppStore|iPhone.ActiveCfg = Debug|Any CPU
		{03CB13F8-704E-457E-B822-1D2515066A91}.AppStore|iPhone.Build.0 = Debug|Any CPU
		{03CB13F8-704E-457E-B822-1D2515066A91}.AppStore|iPhoneSimulator.ActiveCfg = Debug|Any CPU
		{03CB13F8-704E-457E-B822-1D2515066A91}.AppStore|iPhoneSimulator.Build.0 = Debug|Any CPU
		{03CB13F8-704E-457E-B822-1D2515066A91}.AppStore|x64.ActiveCfg = Debug|Any CPU
		{03CB13F8-704E-457E-B822-1D2515066A91}.AppStore|x64.Build.0 = Debug|Any CPU
		{03CB13F8-704E-457E-B822-1D2515066A91}.AppStore|x86.ActiveCfg = Debug|Any CPU
		{03CB13F8-704E-457E-B822-1D2515066A91}.AppStore|x86.Build.0 = Debug|Any CPU
		{03CB13F8-704E-457E-B822-1D2515066A91}.Debug|Any CPU.ActiveCfg = Debug|Any CPU
		{03CB13F8-704E-457E-B822-1D2515066A91}.Debug|Any CPU.Build.0 = Debug|Any CPU
		{03CB13F8-704E-457E-B822-1D2515066A91}.Debug|ARM.ActiveCfg = Debug|Any CPU
		{03CB13F8-704E-457E-B822-1D2515066A91}.Debug|ARM.Build.0 = Debug|Any CPU
		{03CB13F8-704E-457E-B822-1D2515066A91}.Debug|iPhone.ActiveCfg = Debug|Any CPU
		{03CB13F8-704E-457E-B822-1D2515066A91}.Debug|iPhone.Build.0 = Debug|Any CPU
		{03CB13F8-704E-457E-B822-1D2515066A91}.Debug|iPhoneSimulator.ActiveCfg = Debug|Any CPU
		{03CB13F8-704E-457E-B822-1D2515066A91}.Debug|iPhoneSimulator.Build.0 = Debug|Any CPU
		{03CB13F8-704E-457E-B822-1D2515066A91}.Debug|x64.ActiveCfg = Debug|Any CPU
		{03CB13F8-704E-457E-B822-1D2515066A91}.Debug|x64.Build.0 = Debug|Any CPU
		{03CB13F8-704E-457E-B822-1D2515066A91}.Debug|x86.ActiveCfg = Debug|Any CPU
		{03CB13F8-704E-457E-B822-1D2515066A91}.Debug|x86.Build.0 = Debug|Any CPU
		{03CB13F8-704E-457E-B822-1D2515066A91}.Release|Any CPU.ActiveCfg = Release|Any CPU
		{03CB13F8-704E-457E-B822-1D2515066A91}.Release|Any CPU.Build.0 = Release|Any CPU
		{03CB13F8-704E-457E-B822-1D2515066A91}.Release|ARM.ActiveCfg = Release|Any CPU
		{03CB13F8-704E-457E-B822-1D2515066A91}.Release|ARM.Build.0 = Release|Any CPU
		{03CB13F8-704E-457E-B822-1D2515066A91}.Release|iPhone.ActiveCfg = Release|Any CPU
		{03CB13F8-704E-457E-B822-1D2515066A91}.Release|iPhone.Build.0 = Release|Any CPU
		{03CB13F8-704E-457E-B822-1D2515066A91}.Release|iPhoneSimulator.ActiveCfg = Release|Any CPU
		{03CB13F8-704E-457E-B822-1D2515066A91}.Release|iPhoneSimulator.Build.0 = Release|Any CPU
		{03CB13F8-704E-457E-B822-1D2515066A91}.Release|x64.ActiveCfg = Release|Any CPU
		{03CB13F8-704E-457E-B822-1D2515066A91}.Release|x64.Build.0 = Release|Any CPU
		{03CB13F8-704E-457E-B822-1D2515066A91}.Release|x86.ActiveCfg = Release|Any CPU
		{03CB13F8-704E-457E-B822-1D2515066A91}.Release|x86.Build.0 = Release|Any CPU
	EndGlobalSection
	GlobalSection(SolutionProperties) = preSolution
		HideSolutionNode = FALSE
	EndGlobalSection
	GlobalSection(ExtensibilityGlobals) = postSolution
		SolutionGuid = {0AF79128-CBFF-4508-8F97-2DF4357AC81E}
	EndGlobalSection
EndGlobal
